{
  "name": "@sygn/not-included-characters",
  "version": "0.1.0",
  "lockfileVersion": 2,
  "requires": true,
  "packages": {
    "": {
      "name": "@sygn/not-included-characters",
      "version": "0.1.0",
      "license": "MIT",
      "dependencies": {
        "message-events": "^0.4.0",
        "types.js": "^1.9.4"
      }
    },
    "node_modules/message-events": {
      "version": "0.4.0",
      "resolved": "https://registry.npmjs.org/message-events/-/message-events-0.4.0.tgz",
      "integrity": "sha512-GOR1fSEtD1YZ6ferTwh6Wo+q4bK0aXvbiuBttqbX9MdcU0ny03+lhVytrFOTD3tG4uLvqDddFyRGepdiuI4n1w==",
      "dependencies": {
        "types.js": "^1.9.3"
      }
    },
    "node_modules/types.js": {
      "version": "1.9.4",
      "resolved": "https://registry.npmjs.org/types.js/-/types.js-1.9.4.tgz",
      "integrity": "sha512-6aXrjDr69r88RzJ1BMWMdV4HtZqcO8J+CQFc8TZg/zSpFSQ8ptNxpKCu7VHNvPBXjpcKFK8JGz+yJCeqUI/iLg=="
    }
  },
  "dependencies": {
    "message-events": {
      "version": "0.4.0",
      "resolved": "https://registry.npmjs.org/message-events/-/message-events-0.4.0.tgz",
      "integrity": "sha512-GOR1fSEtD1YZ6ferTwh6Wo+q4bK0aXvbiuBttqbX9MdcU0ny03+lhVytrFOTD3tG4uLvqDddFyRGepdiuI4n1w==",
      "requires": {
        "types.js": "^1.9.3"
      }
    },
    "types.js": {
      "version": "1.9.4",
      "resolved": "https://registry.npmjs.org/types.js/-/types.js-1.9.4.tgz",
      "integrity": "sha512-6aXrjDr69r88RzJ1BMWMdV4HtZqcO8J+CQFc8TZg/zSpFSQ8ptNxpKCu7VHNvPBXjpcKFK8JGz+yJCeqUI/iLg=="
    }
  }
}
